
Microsoft Visual Studio Solution File, Format Version 12.00
Project("{FAE04EC0-301F-11D3-BF4B-00C04F79EFBC}") = "HelperJobby", "HelperJobby\HelperJobby.csproj", "{F228FA01-83C0-4C27-AB5A-58A92125F6DA}"
EndProject
Project("{FAE04EC0-301F-11D3-BF4B-00C04F79EFBC}") = "ApplicationDAL", "ApplicationDAL\ApplicationDAL.csproj", "{54298176-A191-4E75-8649-ED4C7C0B7F02}"
EndProject
Project("{FAE04EC0-301F-11D3-BF4B-00C04F79EFBC}") = "ApplicationCommon", "ApplicationCommon\ApplicationCommon.csproj", "{CD9DCAC7-82BF-48FA-9CE1-5645BE43F8C0}"
EndProject
Project("{FAE04EC0-301F-11D3-BF4B-00C04F79EFBC}") = "ApplicationBLL", "ApplicationBLL\ApplicationBLL.csproj", "{D88535AB-FEC2-49BB-85FB-A53ADD06D2B2}"
EndProject
Project("{FAE04EC0-301F-11D3-BF4B-00C04F79EFBC}") = "ApplicationBLLUnitTests", "ApplicationBLLUnitTests\ApplicationBLLUnitTests.csproj", "{34A73369-8653-4E9E-A412-CB78B7179C52}"
EndProject
Global
	GlobalSection(SolutionConfigurationPlatforms) = preSolution
		Debug|Any CPU = Debug|Any CPU
		Release|Any CPU = Release|Any CPU
	EndGlobalSection
	GlobalSection(ProjectConfigurationPlatforms) = postSolution
		{F228FA01-83C0-4C27-AB5A-58A92125F6DA}.Debug|Any CPU.ActiveCfg = Debug|Any CPU
		{F228FA01-83C0-4C27-AB5A-58A92125F6DA}.Debug|Any CPU.Build.0 = Debug|Any CPU
		{F228FA01-83C0-4C27-AB5A-58A92125F6DA}.Release|Any CPU.ActiveCfg = Release|Any CPU
		{F228FA01-83C0-4C27-AB5A-58A92125F6DA}.Release|Any CPU.Build.0 = Release|Any CPU
		{54298176-A191-4E75-8649-ED4C7C0B7F02}.Debug|Any CPU.ActiveCfg = Debug|Any CPU
		{54298176-A191-4E75-8649-ED4C7C0B7F02}.Debug|Any CPU.Build.0 = Debug|Any CPU
		{54298176-A191-4E75-8649-ED4C7C0B7F02}.Release|Any CPU.ActiveCfg = Release|Any CPU
		{54298176-A191-4E75-8649-ED4C7C0B7F02}.Release|Any CPU.Build.0 = Release|Any CPU
		{CD9DCAC7-82BF-48FA-9CE1-5645BE43F8C0}.Debug|Any CPU.ActiveCfg = Debug|Any CPU
		{CD9DCAC7-82BF-48FA-9CE1-5645BE43F8C0}.Debug|Any CPU.Build.0 = Debug|Any CPU
		{CD9DCAC7-82BF-48FA-9CE1-5645BE43F8C0}.Release|Any CPU.ActiveCfg = Release|Any CPU
		{CD9DCAC7-82BF-48FA-9CE1-5645BE43F8C0}.Release|Any CPU.Build.0 = Release|Any CPU
		{D88535AB-FEC2-49BB-85FB-A53ADD06D2B2}.Debug|Any CPU.ActiveCfg = Debug|Any CPU
		{D88535AB-FEC2-49BB-85FB-A53ADD06D2B2}.Debug|Any CPU.Build.0 = Debug|Any CPU
		{D88535AB-FEC2-49BB-85FB-A53ADD06D2B2}.Release|Any CPU.ActiveCfg = Release|Any CPU
		{D88535AB-FEC2-49BB-85FB-A53ADD06D2B2}.Release|Any CPU.Build.0 = Release|Any CPU
		{34A73369-8653-4E9E-A412-CB78B7179C52}.Debug|Any CPU.ActiveCfg = Debug|Any CPU
		{34A73369-8653-4E9E-A412-CB78B7179C52}.Debug|Any CPU.Build.0 = Debug|Any CPU
		{34A73369-8653-4E9E-A412-CB78B7179C52}.Release|Any CPU.ActiveCfg = Release|Any CPU
		{34A73369-8653-4E9E-A412-CB78B7179C52}.Release|Any CPU.Build.0 = Release|Any CPU
	EndGlobalSection
EndGlobal
